// !$*UTF8*$!
{
	archiveVersion = 1;
	classes = {
	};
	objectVersion = 46;
	objects = {

/* Begin PBXBuildFile section */
		911E354619195C4200941842 /* launchR4.png in Resources */ = {isa = PBXBuildFile; fileRef = 911E354419195C4200941842 /* launchR4.png */; };
		911E354719195C4200941842 /* launchx2.png in Resources */ = {isa = PBXBuildFile; fileRef = 911E354519195C4200941842 /* launchx2.png */; };
		91256F7C18E6A9A300E0E1A6 /* icon58.png in Resources */ = {isa = PBXBuildFile; fileRef = 91256F7A18E6A9A300E0E1A6 /* icon58.png */; };
		91256F7D18E6A9A300E0E1A6 /* icon80.png in Resources */ = {isa = PBXBuildFile; fileRef = 91256F7B18E6A9A300E0E1A6 /* icon80.png */; };
		916A200119217D4D005D8766 /* replaybutton.png in Resources */ = {isa = PBXBuildFile; fileRef = 916A200019217D4D005D8766 /* replaybutton.png */; };
		91968A8218DBF9BF00076DD8 /* icon120.png in Resources */ = {isa = PBXBuildFile; fileRef = 91968A7F18DBF9BF00076DD8 /* icon120.png */; };
		91968A8318DBF9BF00076DD8 /* icon@2x.png in Resources */ = {isa = PBXBuildFile; fileRef = 91968A8018DBF9BF00076DD8 /* icon@2x.png */; };
		91968A8418DBF9BF00076DD8 /* icon.png in Resources */ = {isa = PBXBuildFile; fileRef = 91968A8118DBF9BF00076DD8 /* icon.png */; };
		91968A8718DBFBCA00076DD8 /* WSwebservice.m in Sources */ = {isa = PBXBuildFile; fileRef = 91968A8518DBFBCA00076DD8 /* WSwebservice.m */; };
		91968A8918DC154200076DD8 /* botaoRanking.png in Resources */ = {isa = PBXBuildFile; fileRef = 91968A8818DC154200076DD8 /* botaoRanking.png */; };
		91968A8B18DC1E0800076DD8 /* tgif.mp3 in Resources */ = {isa = PBXBuildFile; fileRef = 91968A8A18DC1E0800076DD8 /* tgif.mp3 */; };
		91968A8E18DC2A9200076DD8 /* Reachability.m in Sources */ = {isa = PBXBuildFile; fileRef = 91968A8D18DC2A9200076DD8 /* Reachability.m */; };
		91B0861318E51CA50077C336 /* botaoMenu.png in Resources */ = {isa = PBXBuildFile; fileRef = 91B0861218E51CA50077C336 /* botaoMenu.png */; };
		91B0861518E528870077C336 /* GameKit.framework in Frameworks */ = {isa = PBXBuildFile; fileRef = 91B0861418E528870077C336 /* GameKit.framework */; };
		91D1F58518DA62F300F82100 /* SpriteKit.framework in Frameworks */ = {isa = PBXBuildFile; fileRef = E69986DA18D234690026878B /* SpriteKit.framework */; };
		91D1F58718DA635A00F82100 /* AVFoundation.framework in Frameworks */ = {isa = PBXBuildFile; fileRef = 91D1F58618DA635A00F82100 /* AVFoundation.framework */; };
		91D1F58918DA63B500F82100 /* MediaPlayer.framework in Frameworks */ = {isa = PBXBuildFile; fileRef = 91D1F58818DA63B500F82100 /* MediaPlayer.framework */; };
		91D1F58E18DA664600F82100 /* bebold.mp3 in Resources */ = {isa = PBXBuildFile; fileRef = 91D1F58B18DA664600F82100 /* bebold.mp3 */; };
		91D1F59618DB6D6100F82100 /* bgmenor.png in Resources */ = {isa = PBXBuildFile; fileRef = 91D1F59518DB6D6100F82100 /* bgmenor.png */; };
		91D1F59818DB72D000F82100 /* Jump.mp3 in Resources */ = {isa = PBXBuildFile; fileRef = 91D1F59718DB72D000F82100 /* Jump.mp3 */; };
		91D1F59B18DBA14500F82100 /* Ranking.m in Sources */ = {isa = PBXBuildFile; fileRef = 91D1F59A18DBA14500F82100 /* Ranking.m */; };
		91D1F59D18DBD58500F82100 /* bgMenu.png in Resources */ = {isa = PBXBuildFile; fileRef = 91D1F59C18DBD58500F82100 /* bgMenu.png */; };
		91D1F5A018DBD81B00F82100 /* botao.png in Resources */ = {isa = PBXBuildFile; fileRef = 91D1F59E18DBD81B00F82100 /* botao.png */; };
		91D1F5A118DBD81B00F82100 /* botaoHighlight.png in Resources */ = {isa = PBXBuildFile; fileRef = 91D1F59F18DBD81B00F82100 /* botaoHighlight.png */; };
		91D4988F18E36AE20015AEF1 /* Default.png in Resources */ = {isa = PBXBuildFile; fileRef = 91D4988E18E36AE20015AEF1 /* Default.png */; };
		91D4989118E36C4B0015AEF1 /* Default_iOS7-568h@2x.png in Resources */ = {isa = PBXBuildFile; fileRef = 91D4989018E36C4B0015AEF1 /* Default_iOS7-568h@2x.png */; };
		91FD8F2019A5C14700ED9B17 /* bgGameplayVu.png in Resources */ = {isa = PBXBuildFile; fileRef = 91FD8F1419A5C14700ED9B17 /* bgGameplayVu.png */; };
		91FD8F2119A5C14700ED9B17 /* bgMenuVu.png in Resources */ = {isa = PBXBuildFile; fileRef = 91FD8F1519A5C14700ED9B17 /* bgMenuVu.png */; };
		91FD8F2219A5C14700ED9B17 /* botaoRankingVu.png in Resources */ = {isa = PBXBuildFile; fileRef = 91FD8F1719A5C14700ED9B17 /* botaoRankingVu.png */; };
		91FD8F2319A5C14700ED9B17 /* botaoVu.png in Resources */ = {isa = PBXBuildFile; fileRef = 91FD8F1819A5C14700ED9B17 /* botaoVu.png */; };
		91FD8F2419A5C14700ED9B17 /* botaoVuHighlight.png in Resources */ = {isa = PBXBuildFile; fileRef = 91FD8F1919A5C14700ED9B17 /* botaoVuHighlight.png */; };
		91FD8F2519A5C14700ED9B17 /* rectVu.png in Resources */ = {isa = PBXBuildFile; fileRef = 91FD8F1A19A5C14700ED9B17 /* rectVu.png */; };
		91FD8F2619A5C14700ED9B17 /* c1Vu.png in Resources */ = {isa = PBXBuildFile; fileRef = 91FD8F1C19A5C14700ED9B17 /* c1Vu.png */; };
		91FD8F2719A5C14700ED9B17 /* c2Vu.png in Resources */ = {isa = PBXBuildFile; fileRef = 91FD8F1D19A5C14700ED9B17 /* c2Vu.png */; };
		91FD8F2819A5C14700ED9B17 /* c3Vu.png in Resources */ = {isa = PBXBuildFile; fileRef = 91FD8F1E19A5C14700ED9B17 /* c3Vu.png */; };
		91FD8F2919A5C14700ED9B17 /* p1Vu.png in Resources */ = {isa = PBXBuildFile; fileRef = 91FD8F1F19A5C14700ED9B17 /* p1Vu.png */; };
		D62B2CB918D78F830021795A /* SKInfinityLevelNode.m in Sources */ = {isa = PBXBuildFile; fileRef = D62B2CB718D78F830021795A /* SKInfinityLevelNode.m */; };
		D69E026E18DA2C6000A3B976 /* c1.png in Resources */ = {isa = PBXBuildFile; fileRef = D69E026A18DA2C6000A3B976 /* c1.png */; };
		D69E026F18DA2C6000A3B976 /* c2.png in Resources */ = {isa = PBXBuildFile; fileRef = D69E026B18DA2C6000A3B976 /* c2.png */; };
		D69E027018DA2C6000A3B976 /* c3.png in Resources */ = {isa = PBXBuildFile; fileRef = D69E026C18DA2C6000A3B976 /* c3.png */; };
		D69E027118DA2C6000A3B976 /* p1.png in Resources */ = {isa = PBXBuildFile; fileRef = D69E026D18DA2C6000A3B976 /* p1.png */; };
		D69E027318DA2CA000A3B976 /* rect2.png in Resources */ = {isa = PBXBuildFile; fileRef = D69E027218DA2CA000A3B976 /* rect2.png */; };
		D69E027518DA31C400A3B976 /* rect.png in Resources */ = {isa = PBXBuildFile; fileRef = D69E027418DA31C400A3B976 /* rect.png */; };
		E69986D518D234690026878B /* Foundation.framework in Frameworks */ = {isa = PBXBuildFile; fileRef = E69986D418D234690026878B /* Foundation.framework */; };
		E69986D718D234690026878B /* CoreGraphics.framework in Frameworks */ = {isa = PBXBuildFile; fileRef = E69986D618D234690026878B /* CoreGraphics.framework */; };
		E69986D918D234690026878B /* UIKit.framework in Frameworks */ = {isa = PBXBuildFile; fileRef = E69986D818D234690026878B /* UIKit.framework */; };
		E69986E118D234690026878B /* InfoPlist.strings in Resources */ = {isa = PBXBuildFile; fileRef = E69986DF18D234690026878B /* InfoPlist.strings */; };
		E69986E318D234690026878B /* main.m in Sources */ = {isa = PBXBuildFile; fileRef = E69986E218D234690026878B /* main.m */; };
		E69986E718D234690026878B /* AppDelegate.m in Sources */ = {isa = PBXBuildFile; fileRef = E69986E618D234690026878B /* AppDelegate.m */; };
		E69986EA18D234690026878B /* Main.storyboard in Resources */ = {isa = PBXBuildFile; fileRef = E69986E818D234690026878B /* Main.storyboard */; };
		E69986ED18D234690026878B /* ViewController.m in Sources */ = {isa = PBXBuildFile; fileRef = E69986EC18D234690026878B /* ViewController.m */; };
		E69986F018D234690026878B /* EmJogo.m in Sources */ = {isa = PBXBuildFile; fileRef = E69986EF18D234690026878B /* EmJogo.m */; };
		E69986F418D234690026878B /* Images.xcassets in Resources */ = {isa = PBXBuildFile; fileRef = E69986F318D234690026878B /* Images.xcassets */; };
		E69986FB18D234690026878B /* XCTest.framework in Frameworks */ = {isa = PBXBuildFile; fileRef = E69986FA18D234690026878B /* XCTest.framework */; };
		E69986FC18D234690026878B /* Foundation.framework in Frameworks */ = {isa = PBXBuildFile; fileRef = E69986D418D234690026878B /* Foundation.framework */; };
		E69986FD18D234690026878B /* UIKit.framework in Frameworks */ = {isa = PBXBuildFile; fileRef = E69986D818D234690026878B /* UIKit.framework */; };
		E699870518D234690026878B /* InfoPlist.strings in Resources */ = {isa = PBXBuildFile; fileRef = E699870318D234690026878B /* InfoPlist.strings */; };
		E699870718D234690026878B /* MiniChallengeTests.m in Sources */ = {isa = PBXBuildFile; fileRef = E699870618D234690026878B /* MiniChallengeTests.m */; };
		E699871A18D241830026878B /* Personagem.m in Sources */ = {isa = PBXBuildFile; fileRef = E699871918D241830026878B /* Personagem.m */; };
		E6B66BF518D8A8FF0083843B /* parede.png in Resources */ = {isa = PBXBuildFile; fileRef = E6B66BF418D8A8FF0083843B /* parede.png */; };
/* End PBXBuildFile section */

/* Begin PBXContainerItemProxy section */
		E69986FE18D234690026878B /* PBXContainerItemProxy */ = {
			isa = PBXContainerItemProxy;
			containerPortal = E69986C918D234690026878B /* Project object */;
			proxyType = 1;
			remoteGlobalIDString = E69986D018D234690026878B;
			remoteInfo = MiniChallenge;
		};
/* End PBXContainerItemProxy section */

/* Begin PBXFileReference section */
		911E354419195C4200941842 /* launchR4.png */ = {isa = PBXFileReference; lastKnownFileType = image.png; path = launchR4.png; sourceTree = "<group>"; };
		911E354519195C4200941842 /* launchx2.png */ = {isa = PBXFileReference; lastKnownFileType = image.png; path = launchx2.png; sourceTree = "<group>"; };
		91256F7A18E6A9A300E0E1A6 /* icon58.png */ = {isa = PBXFileReference; lastKnownFileType = image.png; path = icon58.png; sourceTree = "<group>"; };
		91256F7B18E6A9A300E0E1A6 /* icon80.png */ = {isa = PBXFileReference; lastKnownFileType = image.png; path = icon80.png; sourceTree = "<group>"; };
		916A200019217D4D005D8766 /* replaybutton.png */ = {isa = PBXFileReference; lastKnownFileType = image.png; path = replaybutton.png; sourceTree = "<group>"; };
		91968A7F18DBF9BF00076DD8 /* icon120.png */ = {isa = PBXFileReference; lastKnownFileType = image.png; path = icon120.png; sourceTree = "<group>"; };
		91968A8018DBF9BF00076DD8 /* icon@2x.png */ = {isa = PBXFileReference; lastKnownFileType = image.png; path = "icon@2x.png"; sourceTree = "<group>"; };
		91968A8118DBF9BF00076DD8 /* icon.png */ = {isa = PBXFileReference; lastKnownFileType = image.png; path = icon.png; sourceTree = "<group>"; };
		91968A8518DBFBCA00076DD8 /* WSwebservice.m */ = {isa = PBXFileReference; fileEncoding = 4; lastKnownFileType = sourcecode.c.objc; path = WSwebservice.m; sourceTree = "<group>"; };
		91968A8618DBFBCA00076DD8 /* WSwebservice.h */ = {isa = PBXFileReference; fileEncoding = 4; lastKnownFileType = sourcecode.c.h; path = WSwebservice.h; sourceTree = "<group>"; };
		91968A8818DC154200076DD8 /* botaoRanking.png */ = {isa = PBXFileReference; lastKnownFileType = image.png; path = botaoRanking.png; sourceTree = "<group>"; };
		91968A8A18DC1E0800076DD8 /* tgif.mp3 */ = {isa = PBXFileReference; lastKnownFileType = audio.mp3; path = tgif.mp3; sourceTree = "<group>"; };
		91968A8C18DC2A9200076DD8 /* Reachability.h */ = {isa = PBXFileReference; fileEncoding = 4; lastKnownFileType = sourcecode.c.h; path = Reachability.h; sourceTree = "<group>"; };
		91968A8D18DC2A9200076DD8 /* Reachability.m */ = {isa = PBXFileReference; fileEncoding = 4; lastKnownFileType = sourcecode.c.objc; path = Reachability.m; sourceTree = "<group>"; };
		91B0861218E51CA50077C336 /* botaoMenu.png */ = {isa = PBXFileReference; lastKnownFileType = image.png; path = botaoMenu.png; sourceTree = "<group>"; };
		91B0861418E528870077C336 /* GameKit.framework */ = {isa = PBXFileReference; lastKnownFileType = wrapper.framework; name = GameKit.framework; path = System/Library/Frameworks/GameKit.framework; sourceTree = SDKROOT; };
		91D1F58618DA635A00F82100 /* AVFoundation.framework */ = {isa = PBXFileReference; lastKnownFileType = wrapper.framework; name = AVFoundation.framework; path = System/Library/Frameworks/AVFoundation.framework; sourceTree = SDKROOT; };
		91D1F58818DA63B500F82100 /* MediaPlayer.framework */ = {isa = PBXFileReference; lastKnownFileType = wrapper.framework; name = MediaPlayer.framework; path = System/Library/Frameworks/MediaPlayer.framework; sourceTree = SDKROOT; };
		91D1F58B18DA664600F82100 /* bebold.mp3 */ = {isa = PBXFileReference; lastKnownFileType = audio.mp3; path = bebold.mp3; sourceTree = "<group>"; };
		91D1F59518DB6D6100F82100 /* bgmenor.png */ = {isa = PBXFileReference; lastKnownFileType = image.png; path = bgmenor.png; sourceTree = "<group>"; };
		91D1F59718DB72D000F82100 /* Jump.mp3 */ = {isa = PBXFileReference; lastKnownFileType = audio.mp3; path = Jump.mp3; sourceTree = "<group>"; };
		91D1F59918DBA14500F82100 /* Ranking.h */ = {isa = PBXFileReference; fileEncoding = 4; lastKnownFileType = sourcecode.c.h; path = Ranking.h; sourceTree = "<group>"; };
		91D1F59A18DBA14500F82100 /* Ranking.m */ = {isa = PBXFileReference; fileEncoding = 4; lastKnownFileType = sourcecode.c.objc; path = Ranking.m; sourceTree = "<group>"; };
		91D1F59C18DBD58500F82100 /* bgMenu.png */ = {isa = PBXFileReference; lastKnownFileType = image.png; path = bgMenu.png; sourceTree = "<group>"; };
		91D1F59E18DBD81B00F82100 /* botao.png */ = {isa = PBXFileReference; lastKnownFileType = image.png; path = botao.png; sourceTree = "<group>"; };
		91D1F59F18DBD81B00F82100 /* botaoHighlight.png */ = {isa = PBXFileReference; lastKnownFileType = image.png; path = botaoHighlight.png; sourceTree = "<group>"; };
		91D4988E18E36AE20015AEF1 /* Default.png */ = {isa = PBXFileReference; lastKnownFileType = image.png; path = Default.png; sourceTree = "<group>"; };
		91D4989018E36C4B0015AEF1 /* Default_iOS7-568h@2x.png */ = {isa = PBXFileReference; lastKnownFileType = image.png; path = "Default_iOS7-568h@2x.png"; sourceTree = "<group>"; };
		91FD8F1419A5C14700ED9B17 /* bgGameplayVu.png */ = {isa = PBXFileReference; lastKnownFileType = image.png; path = bgGameplayVu.png; sourceTree = "<group>"; };
		91FD8F1519A5C14700ED9B17 /* bgMenuVu.png */ = {isa = PBXFileReference; lastKnownFileType = image.png; path = bgMenuVu.png; sourceTree = "<group>"; };
		91FD8F1719A5C14700ED9B17 /* botaoRankingVu.png */ = {isa = PBXFileReference; lastKnownFileType = image.png; path = botaoRankingVu.png; sourceTree = "<group>"; };
		91FD8F1819A5C14700ED9B17 /* botaoVu.png */ = {isa = PBXFileReference; lastKnownFileType = image.png; path = botaoVu.png; sourceTree = "<group>"; };
		91FD8F1919A5C14700ED9B17 /* botaoVuHighlight.png */ = {isa = PBXFileReference; lastKnownFileType = image.png; path = botaoVuHighlight.png; sourceTree = "<group>"; };
		91FD8F1A19A5C14700ED9B17 /* rectVu.png */ = {isa = PBXFileReference; lastKnownFileType = image.png; path = rectVu.png; sourceTree = "<group>"; };
		91FD8F1C19A5C14700ED9B17 /* c1Vu.png */ = {isa = PBXFileReference; lastKnownFileType = image.png; path = c1Vu.png; sourceTree = "<group>"; };
		91FD8F1D19A5C14700ED9B17 /* c2Vu.png */ = {isa = PBXFileReference; lastKnownFileType = image.png; path = c2Vu.png; sourceTree = "<group>"; };
		91FD8F1E19A5C14700ED9B17 /* c3Vu.png */ = {isa = PBXFileReference; lastKnownFileType = image.png; path = c3Vu.png; sourceTree = "<group>"; };
		91FD8F1F19A5C14700ED9B17 /* p1Vu.png */ = {isa = PBXFileReference; lastKnownFileType = image.png; path = p1Vu.png; sourceTree = "<group>"; };
		D62B2CB618D78F830021795A /* SKInfinityLevelNode.h */ = {isa = PBXFileReference; fileEncoding = 4; lastKnownFileType = sourcecode.c.h; path = SKInfinityLevelNode.h; sourceTree = "<group>"; };
		D62B2CB718D78F830021795A /* SKInfinityLevelNode.m */ = {isa = PBXFileReference; fileEncoding = 4; lastKnownFileType = sourcecode.c.objc; path = SKInfinityLevelNode.m; sourceTree = "<group>"; };
		D69E026A18DA2C6000A3B976 /* c1.png */ = {isa = PBXFileReference; lastKnownFileType = image.png; path = c1.png; sourceTree = "<group>"; };
		D69E026B18DA2C6000A3B976 /* c2.png */ = {isa = PBXFileReference; lastKnownFileType = image.png; path = c2.png; sourceTree = "<group>"; };
		D69E026C18DA2C6000A3B976 /* c3.png */ = {isa = PBXFileReference; lastKnownFileType = image.png; path = c3.png; sourceTree = "<group>"; };
		D69E026D18DA2C6000A3B976 /* p1.png */ = {isa = PBXFileReference; lastKnownFileType = image.png; path = p1.png; sourceTree = "<group>"; };
		D69E027218DA2CA000A3B976 /* rect2.png */ = {isa = PBXFileReference; lastKnownFileType = image.png; path = rect2.png; sourceTree = "<group>"; };
		D69E027418DA31C400A3B976 /* rect.png */ = {isa = PBXFileReference; lastKnownFileType = image.png; path = rect.png; sourceTree = "<group>"; };
		E69986D118D234690026878B /* Pepes Adventure.app */ = {isa = PBXFileReference; explicitFileType = wrapper.application; includeInIndex = 0; path = "Pepes Adventure.app"; sourceTree = BUILT_PRODUCTS_DIR; };
		E69986D418D234690026878B /* Foundation.framework */ = {isa = PBXFileReference; lastKnownFileType = wrapper.framework; name = Foundation.framework; path = System/Library/Frameworks/Foundation.framework; sourceTree = SDKROOT; };
		E69986D618D234690026878B /* CoreGraphics.framework */ = {isa = PBXFileReference; lastKnownFileType = wrapper.framework; name = CoreGraphics.framework; path = System/Library/Frameworks/CoreGraphics.framework; sourceTree = SDKROOT; };
		E69986D818D234690026878B /* UIKit.framework */ = {isa = PBXFileReference; lastKnownFileType = wrapper.framework; name = UIKit.framework; path = System/Library/Frameworks/UIKit.framework; sourceTree = SDKROOT; };
		E69986DA18D234690026878B /* SpriteKit.framework */ = {isa = PBXFileReference; lastKnownFileType = wrapper.framework; name = SpriteKit.framework; path = System/Library/Frameworks/SpriteKit.framework; sourceTree = SDKROOT; };
		E69986DE18D234690026878B /* Pepes Adventure-Info.plist */ = {isa = PBXFileReference; lastKnownFileType = text.plist.xml; path = "Pepes Adventure-Info.plist"; sourceTree = "<group>"; };
		E69986E018D234690026878B /* en */ = {isa = PBXFileReference; lastKnownFileType = text.plist.strings; name = en; path = en.lproj/InfoPlist.strings; sourceTree = "<group>"; };
		E69986E218D234690026878B /* main.m */ = {isa = PBXFileReference; lastKnownFileType = sourcecode.c.objc; path = main.m; sourceTree = "<group>"; };
		E69986E418D234690026878B /* Pepes Adventure-Prefix.pch */ = {isa = PBXFileReference; lastKnownFileType = sourcecode.c.h; path = "Pepes Adventure-Prefix.pch"; sourceTree = "<group>"; };
		E69986E518D234690026878B /* AppDelegate.h */ = {isa = PBXFileReference; lastKnownFileType = sourcecode.c.h; path = AppDelegate.h; sourceTree = "<group>"; };
		E69986E618D234690026878B /* AppDelegate.m */ = {isa = PBXFileReference; lastKnownFileType = sourcecode.c.objc; path = AppDelegate.m; sourceTree = "<group>"; };
		E69986E918D234690026878B /* Base */ = {isa = PBXFileReference; lastKnownFileType = file.storyboard; name = Base; path = Base.lproj/Main.storyboard; sourceTree = "<group>"; };
		E69986EB18D234690026878B /* ViewController.h */ = {isa = PBXFileReference; lastKnownFileType = sourcecode.c.h; path = ViewController.h; sourceTree = "<group>"; };
		E69986EC18D234690026878B /* ViewController.m */ = {isa = PBXFileReference; lastKnownFileType = sourcecode.c.objc; path = ViewController.m; sourceTree = "<group>"; };
		E69986EE18D234690026878B /* EmJogo.h */ = {isa = PBXFileReference; lastKnownFileType = sourcecode.c.h; path = EmJogo.h; sourceTree = "<group>"; };
		E69986EF18D234690026878B /* EmJogo.m */ = {isa = PBXFileReference; lastKnownFileType = sourcecode.c.objc; path = EmJogo.m; sourceTree = "<group>"; };
		E69986F318D234690026878B /* Images.xcassets */ = {isa = PBXFileReference; lastKnownFileType = folder.assetcatalog; path = Images.xcassets; sourceTree = "<group>"; };
		E69986F918D234690026878B /* Pepes AdventureTests.xctest */ = {isa = PBXFileReference; explicitFileType = wrapper.cfbundle; includeInIndex = 0; path = "Pepes AdventureTests.xctest"; sourceTree = BUILT_PRODUCTS_DIR; };
		E69986FA18D234690026878B /* XCTest.framework */ = {isa = PBXFileReference; lastKnownFileType = wrapper.framework; name = XCTest.framework; path = Library/Frameworks/XCTest.framework; sourceTree = DEVELOPER_DIR; };
		E699870218D234690026878B /* Pepes AdventureTests-Info.plist */ = {isa = PBXFileReference; lastKnownFileType = text.plist.xml; path = "Pepes AdventureTests-Info.plist"; sourceTree = "<group>"; };
		E699870418D234690026878B /* en */ = {isa = PBXFileReference; lastKnownFileType = text.plist.strings; name = en; path = en.lproj/InfoPlist.strings; sourceTree = "<group>"; };
		E699870618D234690026878B /* MiniChallengeTests.m */ = {isa = PBXFileReference; lastKnownFileType = sourcecode.c.objc; path = MiniChallengeTests.m; sourceTree = "<group>"; };
		E699871818D241830026878B /* Personagem.h */ = {isa = PBXFileReference; fileEncoding = 4; lastKnownFileType = sourcecode.c.h; path = Personagem.h; sourceTree = "<group>"; };
		E699871918D241830026878B /* Personagem.m */ = {isa = PBXFileReference; fileEncoding = 4; lastKnownFileType = sourcecode.c.objc; path = Personagem.m; sourceTree = "<group>"; };
		E6B66BF418D8A8FF0083843B /* parede.png */ = {isa = PBXFileReference; lastKnownFileType = image.png; path = parede.png; sourceTree = "<group>"; };
/* End PBXFileReference section */

/* Begin PBXFrameworksBuildPhase section */
		E69986CE18D234690026878B /* Frameworks */ = {
			isa = PBXFrameworksBuildPhase;
			buildActionMask = 2147483647;
			files = (
				91D1F58918DA63B500F82100 /* MediaPlayer.framework in Frameworks */,
				91D1F58718DA635A00F82100 /* AVFoundation.framework in Frameworks */,
				91B0861518E528870077C336 /* GameKit.framework in Frameworks */,
				91D1F58518DA62F300F82100 /* SpriteKit.framework in Frameworks */,
				E69986D718D234690026878B /* CoreGraphics.framework in Frameworks */,
				E69986D918D234690026878B /* UIKit.framework in Frameworks */,
				E69986D518D234690026878B /* Foundation.framework in Frameworks */,
			);
			runOnlyForDeploymentPostprocessing = 0;
		};
		E69986F618D234690026878B /* Frameworks */ = {
			isa = PBXFrameworksBuildPhase;
			buildActionMask = 2147483647;
			files = (
				E69986FB18D234690026878B /* XCTest.framework in Frameworks */,
				E69986FD18D234690026878B /* UIKit.framework in Frameworks */,
				E69986FC18D234690026878B /* Foundation.framework in Frameworks */,
			);
			runOnlyForDeploymentPostprocessing = 0;
		};
/* End PBXFrameworksBuildPhase section */

/* Begin PBXGroup section */
		911E354319195C3000941842 /* Launch Image */ = {
			isa = PBXGroup;
			children = (
				911E354419195C4200941842 /* launchR4.png */,
				911E354519195C4200941842 /* launchx2.png */,
			);
			name = "Launch Image";
			sourceTree = "<group>";
		};
		91968A7E18DBF9A900076DD8 /* icons */ = {
			isa = PBXGroup;
			children = (
				91256F7A18E6A9A300E0E1A6 /* icon58.png */,
				91256F7B18E6A9A300E0E1A6 /* icon80.png */,
				91968A7F18DBF9BF00076DD8 /* icon120.png */,
				91968A8018DBF9BF00076DD8 /* icon@2x.png */,
				91968A8118DBF9BF00076DD8 /* icon.png */,
			);
			name = icons;
			sourceTree = "<group>";
		};
		91D1F58A18DA65D800F82100 /* Sons */ = {
			isa = PBXGroup;
			children = (
				91968A8A18DC1E0800076DD8 /* tgif.mp3 */,
				91D1F59718DB72D000F82100 /* Jump.mp3 */,
				91D1F58B18DA664600F82100 /* bebold.mp3 */,
			);
			name = Sons;
			sourceTree = "<group>";
		};
		91FD8F1219A5C0B800ED9B17 /* imagensVU */ = {
			isa = PBXGroup;
			children = (
				91FD8F1319A5C14700ED9B17 /* PepeVU */,
			);
			name = imagensVU;
			sourceTree = "<group>";
		};
		91FD8F1319A5C14700ED9B17 /* PepeVU */ = {
			isa = PBXGroup;
			children = (
				91FD8F1419A5C14700ED9B17 /* bgGameplayVu.png */,
				91FD8F1519A5C14700ED9B17 /* bgMenuVu.png */,
				91FD8F1619A5C14700ED9B17 /* Botões */,
				91FD8F1A19A5C14700ED9B17 /* rectVu.png */,
				91FD8F1B19A5C14700ED9B17 /* Sprites */,
			);
			path = PepeVU;
			sourceTree = "<group>";
		};
		91FD8F1619A5C14700ED9B17 /* Botões */ = {
			isa = PBXGroup;
			children = (
				91FD8F1719A5C14700ED9B17 /* botaoRankingVu.png */,
				91FD8F1819A5C14700ED9B17 /* botaoVu.png */,
				91FD8F1919A5C14700ED9B17 /* botaoVuHighlight.png */,
			);
			path = "Botões";
			sourceTree = "<group>";
		};
		91FD8F1B19A5C14700ED9B17 /* Sprites */ = {
			isa = PBXGroup;
			children = (
				91FD8F1C19A5C14700ED9B17 /* c1Vu.png */,
				91FD8F1D19A5C14700ED9B17 /* c2Vu.png */,
				91FD8F1E19A5C14700ED9B17 /* c3Vu.png */,
				91FD8F1F19A5C14700ED9B17 /* p1Vu.png */,
			);
			path = Sprites;
			sourceTree = "<group>";
		};
		D643B83718D788A90033AFA6 /* Imagens */ = {
			isa = PBXGroup;
			children = (
				916A200019217D4D005D8766 /* replaybutton.png */,
				911E354319195C3000941842 /* Launch Image */,
				91B0861218E51CA50077C336 /* botaoMenu.png */,
				91D4989018E36C4B0015AEF1 /* Default_iOS7-568h@2x.png */,
				91D4988E18E36AE20015AEF1 /* Default.png */,
				91968A8818DC154200076DD8 /* botaoRanking.png */,
				91D1F59E18DBD81B00F82100 /* botao.png */,
				91D1F59F18DBD81B00F82100 /* botaoHighlight.png */,
				91D1F59C18DBD58500F82100 /* bgMenu.png */,
				91D1F59518DB6D6100F82100 /* bgmenor.png */,
				E6B66BF418D8A8FF0083843B /* parede.png */,
				D69E027418DA31C400A3B976 /* rect.png */,
				D69E027218DA2CA000A3B976 /* rect2.png */,
				D69E026A18DA2C6000A3B976 /* c1.png */,
				D69E026B18DA2C6000A3B976 /* c2.png */,
				D69E026C18DA2C6000A3B976 /* c3.png */,
				D69E026D18DA2C6000A3B976 /* p1.png */,
			);
			name = Imagens;
			sourceTree = "<group>";
		};
		E69986C818D234690026878B = {
			isa = PBXGroup;
			children = (
				E69986DC18D234690026878B /* MiniChallenge */,
				E699870018D234690026878B /* MiniChallengeTests */,
				E69986D318D234690026878B /* Frameworks */,
				E69986D218D234690026878B /* Products */,
			);
			sourceTree = "<group>";
		};
		E69986D218D234690026878B /* Products */ = {
			isa = PBXGroup;
			children = (
				E69986D118D234690026878B /* Pepes Adventure.app */,
				E69986F918D234690026878B /* Pepes AdventureTests.xctest */,
			);
			name = Products;
			sourceTree = "<group>";
		};
		E69986D318D234690026878B /* Frameworks */ = {
			isa = PBXGroup;
			children = (
				91B0861418E528870077C336 /* GameKit.framework */,
				91D1F58818DA63B500F82100 /* MediaPlayer.framework */,
				91D1F58618DA635A00F82100 /* AVFoundation.framework */,
				E69986D418D234690026878B /* Foundation.framework */,
				E69986D618D234690026878B /* CoreGraphics.framework */,
				E69986D818D234690026878B /* UIKit.framework */,
				E69986DA18D234690026878B /* SpriteKit.framework */,
				E69986FA18D234690026878B /* XCTest.framework */,
			);
			name = Frameworks;
			sourceTree = "<group>";
		};
		E69986DC18D234690026878B /* MiniChallenge */ = {
			isa = PBXGroup;
			children = (
				91FD8F1219A5C0B800ED9B17 /* imagensVU */,
				91968A8C18DC2A9200076DD8 /* Reachability.h */,
				91968A8D18DC2A9200076DD8 /* Reachability.m */,
				91968A8618DBFBCA00076DD8 /* WSwebservice.h */,
				91968A8518DBFBCA00076DD8 /* WSwebservice.m */,
				91D1F58A18DA65D800F82100 /* Sons */,
				D643B83718D788A90033AFA6 /* Imagens */,
				E69986E518D234690026878B /* AppDelegate.h */,
				E69986E618D234690026878B /* AppDelegate.m */,
				E69986E818D234690026878B /* Main.storyboard */,
				E69986EB18D234690026878B /* ViewController.h */,
				E69986EC18D234690026878B /* ViewController.m */,
				D62B2CB618D78F830021795A /* SKInfinityLevelNode.h */,
				D62B2CB718D78F830021795A /* SKInfinityLevelNode.m */,
				E69986EE18D234690026878B /* EmJogo.h */,
				E69986EF18D234690026878B /* EmJogo.m */,
				E699871818D241830026878B /* Personagem.h */,
				E699871918D241830026878B /* Personagem.m */,
				91D1F59918DBA14500F82100 /* Ranking.h */,
				91D1F59A18DBA14500F82100 /* Ranking.m */,
				E69986F318D234690026878B /* Images.xcassets */,
				91968A7E18DBF9A900076DD8 /* icons */,
				E69986DD18D234690026878B /* Supporting Files */,
			);
			path = MiniChallenge;
			sourceTree = "<group>";
		};
		E69986DD18D234690026878B /* Supporting Files */ = {
			isa = PBXGroup;
			children = (
				E69986DE18D234690026878B /* Pepes Adventure-Info.plist */,
				E69986DF18D234690026878B /* InfoPlist.strings */,
				E69986E218D234690026878B /* main.m */,
				E69986E418D234690026878B /* Pepes Adventure-Prefix.pch */,
			);
			name = "Supporting Files";
			sourceTree = "<group>";
		};
		E699870018D234690026878B /* MiniChallengeTests */ = {
			isa = PBXGroup;
			children = (
				E699870618D234690026878B /* MiniChallengeTests.m */,
				E699870118D234690026878B /* Supporting Files */,
			);
			path = MiniChallengeTests;
			sourceTree = "<group>";
		};
		E699870118D234690026878B /* Supporting Files */ = {
			isa = PBXGroup;
			children = (
				E699870218D234690026878B /* Pepes AdventureTests-Info.plist */,
				E699870318D234690026878B /* InfoPlist.strings */,
			);
			name = "Supporting Files";
			sourceTree = "<group>";
		};
/* End PBXGroup section */

/* Begin PBXNativeTarget section */
		E69986D018D234690026878B /* Pepes Adventure */ = {
			isa = PBXNativeTarget;
			buildConfigurationList = E699870A18D234690026878B /* Build configuration list for PBXNativeTarget "Pepes Adventure" */;
			buildPhases = (
				E69986CD18D234690026878B /* Sources */,
				E69986CE18D234690026878B /* Frameworks */,
				E69986CF18D234690026878B /* Resources */,
			);
			buildRules = (
			);
			dependencies = (
			);
			name = "Pepes Adventure";
			productName = MiniChallenge;
			productReference = E69986D118D234690026878B /* Pepes Adventure.app */;
			productType = "com.apple.product-type.application";
		};
		E69986F818D234690026878B /* Pepes AdventureTests */ = {
			isa = PBXNativeTarget;
			buildConfigurationList = E699870D18D234690026878B /* Build configuration list for PBXNativeTarget "Pepes AdventureTests" */;
			buildPhases = (
				E69986F518D234690026878B /* Sources */,
				E69986F618D234690026878B /* Frameworks */,
				E69986F718D234690026878B /* Resources */,
			);
			buildRules = (
			);
			dependencies = (
				E69986FF18D234690026878B /* PBXTargetDependency */,
			);
			name = "Pepes AdventureTests";
			productName = MiniChallengeTests;
			productReference = E69986F918D234690026878B /* Pepes AdventureTests.xctest */;
			productType = "com.apple.product-type.bundle.unit-test";
		};
/* End PBXNativeTarget section */

/* Begin PBXProject section */
		E69986C918D234690026878B /* Project object */ = {
			isa = PBXProject;
			attributes = {
				LastUpgradeCheck = 0510;
				ORGANIZATIONNAME = Coan;
				TargetAttributes = {
					E69986D018D234690026878B = {
						DevelopmentTeam = 7T8E66KCM7;
						SystemCapabilities = {
							com.apple.GameCenter = {
								enabled = 1;
							};
						};
					};
					E69986F818D234690026878B = {
						TestTargetID = E69986D018D234690026878B;
					};
				};
			};
			buildConfigurationList = E69986CC18D234690026878B /* Build configuration list for PBXProject "Pepes Adventure" */;
			compatibilityVersion = "Xcode 3.2";
			developmentRegion = English;
			hasScannedForEncodings = 0;
			knownRegions = (
				en,
				Base,
			);
			mainGroup = E69986C818D234690026878B;
			productRefGroup = E69986D218D234690026878B /* Products */;
			projectDirPath = "";
			projectRoot = "";
			targets = (
				E69986D018D234690026878B /* Pepes Adventure */,
				E69986F818D234690026878B /* Pepes AdventureTests */,
			);
		};
/* End PBXProject section */

/* Begin PBXResourcesBuildPhase section */
		E69986CF18D234690026878B /* Resources */ = {
			isa = PBXResourcesBuildPhase;
			buildActionMask = 2147483647;
			files = (
				911E354719195C4200941842 /* launchx2.png in Resources */,
				91256F7D18E6A9A300E0E1A6 /* icon80.png in Resources */,
				91FD8F2619A5C14700ED9B17 /* c1Vu.png in Resources */,
				91FD8F2719A5C14700ED9B17 /* c2Vu.png in Resources */,
				91968A8918DC154200076DD8 /* botaoRanking.png in Resources */,
				D69E027118DA2C6000A3B976 /* p1.png in Resources */,
				91B0861318E51CA50077C336 /* botaoMenu.png in Resources */,
				91FD8F2519A5C14700ED9B17 /* rectVu.png in Resources */,
				91D1F5A018DBD81B00F82100 /* botao.png in Resources */,
				91D1F5A118DBD81B00F82100 /* botaoHighlight.png in Resources */,
				91FD8F2419A5C14700ED9B17 /* botaoVuHighlight.png in Resources */,
				D69E027318DA2CA000A3B976 /* rect2.png in Resources */,
				91FD8F2819A5C14700ED9B17 /* c3Vu.png in Resources */,
				91D4989118E36C4B0015AEF1 /* Default_iOS7-568h@2x.png in Resources */,
				D69E027518DA31C400A3B976 /* rect.png in Resources */,
				91FD8F2119A5C14700ED9B17 /* bgMenuVu.png in Resources */,
				91D1F59D18DBD58500F82100 /* bgMenu.png in Resources */,
				91D1F59618DB6D6100F82100 /* bgmenor.png in Resources */,
				91968A8218DBF9BF00076DD8 /* icon120.png in Resources */,
				91968A8318DBF9BF00076DD8 /* icon@2x.png in Resources */,
				91FD8F2219A5C14700ED9B17 /* botaoRankingVu.png in Resources */,
				91D1F58E18DA664600F82100 /* bebold.mp3 in Resources */,
				E69986E118D234690026878B /* InfoPlist.strings in Resources */,
				91FD8F2919A5C14700ED9B17 /* p1Vu.png in Resources */,
				E6B66BF518D8A8FF0083843B /* parede.png in Resources */,
				D69E027018DA2C6000A3B976 /* c3.png in Resources */,
				916A200119217D4D005D8766 /* replaybutton.png in Resources */,
				D69E026E18DA2C6000A3B976 /* c1.png in Resources */,
				91968A8B18DC1E0800076DD8 /* tgif.mp3 in Resources */,
				91FD8F2019A5C14700ED9B17 /* bgGameplayVu.png in Resources */,
				E69986F418D234690026878B /* Images.xcassets in Resources */,
				91FD8F2319A5C14700ED9B17 /* botaoVu.png in Resources */,
				91968A8418DBF9BF00076DD8 /* icon.png in Resources */,
				D69E026F18DA2C6000A3B976 /* c2.png in Resources */,
				91D1F59818DB72D000F82100 /* Jump.mp3 in Resources */,
				E69986EA18D234690026878B /* Main.storyboard in Resources */,
				911E354619195C4200941842 /* launchR4.png in Resources */,
				91D4988F18E36AE20015AEF1 /* Default.png in Resources */,
				91256F7C18E6A9A300E0E1A6 /* icon58.png in Resources */,
			);
			runOnlyForDeploymentPostprocessing = 0;
		};
		E69986F718D234690026878B /* Resources */ = {
			isa = PBXResourcesBuildPhase;
			buildActionMask = 2147483647;
			files = (
				E699870518D234690026878B /* InfoPlist.strings in Resources */,
			);
			runOnlyForDeploymentPostprocessing = 0;
		};
/* End PBXResourcesBuildPhase section */

/* Begin PBXSourcesBuildPhase section */
		E69986CD18D234690026878B /* Sources */ = {
			isa = PBXSourcesBuildPhase;
			buildActionMask = 2147483647;
			files = (
				E69986F018D234690026878B /* EmJogo.m in Sources */,
				E699871A18D241830026878B /* Personagem.m in Sources */,
				91968A8718DBFBCA00076DD8 /* WSwebservice.m in Sources */,
				D62B2CB918D78F830021795A /* SKInfinityLevelNode.m in Sources */,
				E69986ED18D234690026878B /* ViewController.m in Sources */,
				E69986E718D234690026878B /* AppDelegate.m in Sources */,
				E69986E318D234690026878B /* main.m in Sources */,
				91968A8E18DC2A9200076DD8 /* Reachability.m in Sources */,
				91D1F59B18DBA14500F82100 /* Ranking.m in Sources */,
			);
			runOnlyForDeploymentPostprocessing = 0;
		};
		E69986F518D234690026878B /* Sources */ = {
			isa = PBXSourcesBuildPhase;
			buildActionMask = 2147483647;
			files = (
				E699870718D234690026878B /* MiniChallengeTests.m in Sources */,
			);
			runOnlyForDeploymentPostprocessing = 0;
		};
/* End PBXSourcesBuildPhase section */

/* Begin PBXTargetDependency section */
		E69986FF18D234690026878B /* PBXTargetDependency */ = {
			isa = PBXTargetDependency;
			target = E69986D018D234690026878B /* Pepes Adventure */;
			targetProxy = E69986FE18D234690026878B /* PBXContainerItemProxy */;
		};
/* End PBXTargetDependency section */

/* Begin PBXVariantGroup section */
		E69986DF18D234690026878B /* InfoPlist.strings */ = {
			isa = PBXVariantGroup;
			children = (
				E69986E018D234690026878B /* en */,
			);
			name = InfoPlist.strings;
			sourceTree = "<group>";
		};
		E69986E818D234690026878B /* Main.storyboard */ = {
			isa = PBXVariantGroup;
			children = (
				E69986E918D234690026878B /* Base */,
			);
			name = Main.storyboard;
			sourceTree = "<group>";
		};
		E699870318D234690026878B /* InfoPlist.strings */ = {
			isa = PBXVariantGroup;
			children = (
				E699870418D234690026878B /* en */,
			);
			name = InfoPlist.strings;
			sourceTree = "<group>";
		};
/* End PBXVariantGroup section */

/* Begin XCBuildConfiguration section */
		E699870818D234690026878B /* Debug */ = {
			isa = XCBuildConfiguration;
			buildSettings = {
				ALWAYS_SEARCH_USER_PATHS = NO;
				CLANG_CXX_LANGUAGE_STANDARD = "gnu++0x";
				CLANG_CXX_LIBRARY = "libc++";
				CLANG_ENABLE_MODULES = YES;
				CLANG_ENABLE_OBJC_ARC = YES;
				CLANG_WARN_BOOL_CONVERSION = YES;
				CLANG_WARN_CONSTANT_CONVERSION = YES;
				CLANG_WARN_DIRECT_OBJC_ISA_USAGE = YES_ERROR;
				CLANG_WARN_EMPTY_BODY = YES;
				CLANG_WARN_ENUM_CONVERSION = YES;
				CLANG_WARN_INT_CONVERSION = YES;
				CLANG_WARN_OBJC_ROOT_CLASS = YES_ERROR;
				CLANG_WARN__DUPLICATE_METHOD_MATCH = YES;
				"CODE_SIGN_IDENTITY[sdk=iphoneos*]" = "iPhone Developer";
				COPY_PHASE_STRIP = NO;
				GCC_C_LANGUAGE_STANDARD = gnu99;
				GCC_DYNAMIC_NO_PIC = NO;
				GCC_OPTIMIZATION_LEVEL = 0;
				GCC_PREPROCESSOR_DEFINITIONS = (
					"DEBUG=1",
					"$(inherited)",
				);
				GCC_SYMBOLS_PRIVATE_EXTERN = NO;
				GCC_WARN_64_TO_32_BIT_CONVERSION = YES;
				GCC_WARN_ABOUT_RETURN_TYPE = YES_ERROR;
				GCC_WARN_UNDECLARED_SELECTOR = YES;
				GCC_WARN_UNINITIALIZED_AUTOS = YES;
				GCC_WARN_UNUSED_FUNCTION = YES;
				GCC_WARN_UNUSED_VARIABLE = YES;
				IPHONEOS_DEPLOYMENT_TARGET = 7.1;
				ONLY_ACTIVE_ARCH = YES;
				SDKROOT = iphoneos;
			};
			name = Debug;
		};
		E699870918D234690026878B /* Release */ = {
			isa = XCBuildConfiguration;
			buildSettings = {
				ALWAYS_SEARCH_USER_PATHS = NO;
				CLANG_CXX_LANGUAGE_STANDARD = "gnu++0x";
				CLANG_CXX_LIBRARY = "libc++";
				CLANG_ENABLE_MODULES = YES;
				CLANG_ENABLE_OBJC_ARC = YES;
				CLANG_WARN_BOOL_CONVERSION = YES;
				CLANG_WARN_CONSTANT_CONVERSION = YES;
				CLANG_WARN_DIRECT_OBJC_ISA_USAGE = YES_ERROR;
				CLANG_WARN_EMPTY_BODY = YES;
				CLANG_WARN_ENUM_CONVERSION = YES;
				CLANG_WARN_INT_CONVERSION = YES;
				CLANG_WARN_OBJC_ROOT_CLASS = YES_ERROR;
				CLANG_WARN__DUPLICATE_METHOD_MATCH = YES;
				"CODE_SIGN_IDENTITY[sdk=iphoneos*]" = "iPhone Developer";
				COPY_PHASE_STRIP = YES;
				ENABLE_NS_ASSERTIONS = NO;
				GCC_C_LANGUAGE_STANDARD = gnu99;
				GCC_WARN_64_TO_32_BIT_CONVERSION = YES;
				GCC_WARN_ABOUT_RETURN_TYPE = YES_ERROR;
				GCC_WARN_UNDECLARED_SELECTOR = YES;
				GCC_WARN_UNINITIALIZED_AUTOS = YES;
				GCC_WARN_UNUSED_FUNCTION = YES;
				GCC_WARN_UNUSED_VARIABLE = YES;
				IPHONEOS_DEPLOYMENT_TARGET = 7.1;
				SDKROOT = iphoneos;
				VALIDATE_PRODUCT = YES;
			};
			name = Release;
		};
		E699870B18D234690026878B /* Debug */ = {
			isa = XCBuildConfiguration;
			buildSettings = {
				ASSETCATALOG_COMPILER_APPICON_NAME = AppIcon;
				ASSETCATALOG_COMPILER_LAUNCHIMAGE_NAME = LaunchImage;
				CODE_SIGN_IDENTITY = "iPhone Developer";
				"CODE_SIGN_IDENTITY[sdk=iphoneos*]" = "iPhone Developer";
				GCC_PRECOMPILE_PREFIX_HEADER = YES;
				GCC_PREFIX_HEADER = "MiniChallenge/Pepes Adventure-Prefix.pch";
				INFOPLIST_FILE = "MiniChallenge/Pepes Adventure-Info.plist";
				IPHONEOS_DEPLOYMENT_TARGET = 7.1;
				PRODUCT_NAME = "Pepes Adventure";
				PROVISIONING_PROFILE = "";
				SPRITEKIT_TEXTURE_ATLAS_OUTPUT = YES;
				TARGETED_DEVICE_FAMILY = 1;
				WRAPPER_EXTENSION = app;
			};
			name = Debug;
		};
		E699870C18D234690026878B /* Release */ = {
			isa = XCBuildConfiguration;
			buildSettings = {
				ASSETCATALOG_COMPILER_APPICON_NAME = AppIcon;
				ASSETCATALOG_COMPILER_LAUNCHIMAGE_NAME = LaunchImage;
				CODE_SIGN_IDENTITY = "iPhone Developer";
				"CODE_SIGN_IDENTITY[sdk=iphoneos*]" = "iPhone Developer";
				GCC_PRECOMPILE_PREFIX_HEADER = YES;
				GCC_PREFIX_HEADER = "MiniChallenge/Pepes Adventure-Prefix.pch";
				INFOPLIST_FILE = "MiniChallenge/Pepes Adventure-Info.plist";
				IPHONEOS_DEPLOYMENT_TARGET = 7.1;
				PRODUCT_NAME = "Pepes Adventure";
				PROVISIONING_PROFILE = "";
				SPRITEKIT_TEXTURE_ATLAS_OUTPUT = YES;
				TARGETED_DEVICE_FAMILY = 1;
				WRAPPER_EXTENSION = app;
			};
			name = Release;
		};
		E699870E18D234690026878B /* Debug */ = {
			isa = XCBuildConfiguration;
			buildSettings = {
				BUNDLE_LOADER = "$(BUILT_PRODUCTS_DIR)/MiniChallenge.app/MiniChallenge";
				FRAMEWORK_SEARCH_PATHS = (
					"$(SDKROOT)/Developer/Library/Frameworks",
					"$(inherited)",
					"$(DEVELOPER_FRAMEWORKS_DIR)",
				);
				GCC_PRECOMPILE_PREFIX_HEADER = YES;
				GCC_PREFIX_HEADER = "MiniChallenge/MiniChallenge-Prefix.pch";
				GCC_PREPROCESSOR_DEFINITIONS = (
					"DEBUG=1",
					"$(inherited)",
				);
				INFOPLIST_FILE = "MiniChallengeTests/Pepes AdventureTests-Info.plist";
				PRODUCT_NAME = "Pepes AdventureTests";
				TEST_HOST = "$(BUNDLE_LOADER)";
				WRAPPER_EXTENSION = xctest;
			};
			name = Debug;
		};
		E699870F18D234690026878B /* Release */ = {
			isa = XCBuildConfiguration;
			buildSettings = {
				BUNDLE_LOADER = "$(BUILT_PRODUCTS_DIR)/MiniChallenge.app/MiniChallenge";
				FRAMEWORK_SEARCH_PATHS = (
					"$(SDKROOT)/Developer/Library/Frameworks",
					"$(inherited)",
					"$(DEVELOPER_FRAMEWORKS_DIR)",
				);
				GCC_PRECOMPILE_PREFIX_HEADER = YES;
				GCC_PREFIX_HEADER = "MiniChallenge/MiniChallenge-Prefix.pch";
				INFOPLIST_FILE = "MiniChallengeTests/Pepes AdventureTests-Info.plist";
				PRODUCT_NAME = "Pepes AdventureTests";
				TEST_HOST = "$(BUNDLE_LOADER)";
				WRAPPER_EXTENSION = xctest;
			};
			name = Release;
		};
/* End XCBuildConfiguration section */

/* Begin XCConfigurationList section */
		E69986CC18D234690026878B /* Build configuration list for PBXProject "Pepes Adventure" */ = {
			isa = XCConfigurationList;
			buildConfigurations = (
				E699870818D234690026878B /* Debug */,
				E699870918D234690026878B /* Release */,
			);
			defaultConfigurationIsVisible = 0;
			defaultConfigurationName = Release;
		};
		E699870A18D234690026878B /* Build configuration list for PBXNativeTarget "Pepes Adventure" */ = {
			isa = XCConfigurationList;
			buildConfigurations = (
				E699870B18D234690026878B /* Debug */,
				E699870C18D234690026878B /* Release */,
			);
			defaultConfigurationIsVisible = 0;
			defaultConfigurationName = Release;
		};
		E699870D18D234690026878B /* Build configuration list for PBXNativeTarget "Pepes AdventureTests" */ = {
			isa = XCConfigurationList;
			buildConfigurations = (
				E699870E18D234690026878B /* Debug */,
				E699870F18D234690026878B /* Release */,
			);
			defaultConfigurationIsVisible = 0;
			defaultConfigurationName = Release;
		};
/* End XCConfigurationList section */
	};
	rootObject = E69986C918D234690026878B /* Project object */;
}
